
Microsoft Visual Studio Solution File, Format Version 12.00
# Visual Studio 15
VisualStudioVersion = 15.0.28010.2046
MinimumVisualStudioVersion = 10.0.40219.1
Project("{FAE04EC0-301F-11D3-BF4B-00C04F79EFBC}") = "TaskManager", "TaskManager\TaskManager.csproj", "{B756A84D-C572-41F8-B9C2-61B994B8067A}"
EndProject
Global
	GlobalSection(SolutionConfigurationPlatforms) = preSolution
		Debug|Any CPU = Debug|Any CPU
		Release|Any CPU = Release|Any CPU
	EndGlobalSection
	GlobalSection(ProjectConfigurationPlatforms) = postSolution
		{B756A84D-C572-41F8-B9C2-61B994B8067A}.Debug|Any CPU.ActiveCfg = Debug|Any CPU
		{B756A84D-C572-41F8-B9C2-61B994B8067A}.Debug|Any CPU.Build.0 = Debug|Any CPU
		{B756A84D-C572-41F8-B9C2-61B994B8067A}.Release|Any CPU.ActiveCfg = Release|Any CPU
		{B756A84D-C572-41F8-B9C2-61B994B8067A}.Release|Any CPU.Build.0 = Release|Any CPU
	EndGlobalSection
	GlobalSection(SolutionProperties) = preSolution
		HideSolutionNode = FALSE
	EndGlobalSection
	GlobalSection(ExtensibilityGlobals) = postSolution
		SolutionGuid = {BED9B9D7-E30B-48A6-B0A8-164C188B04C8}
	EndGlobalSection
EndGlobal
